
Microsoft Visual Studio Solution File, Format Version 12.00
# Visual Studio Version 16
VisualStudioVersion = 16.0.29411.108
MinimumVisualStudioVersion = 10.0.40219.1
Project("{FAE04EC0-301F-11D3-BF4B-00C04F79EFBC}") = "SSI.UI", "SSI.UI\SSI.UI.csproj", "{AE83A9B6-5FFB-4F72-9E8D-5E79D41967DF}"
EndProject
Global
	GlobalSection(SolutionConfigurationPlatforms) = preSolution
		Debug|Any CPU = Debug|Any CPU
		Release|Any CPU = Release|Any CPU
	EndGlobalSection
	GlobalSection(ProjectConfigurationPlatforms) = postSolution
		{AE83A9B6-5FFB-4F72-9E8D-5E79D41967DF}.Debug|Any CPU.ActiveCfg = Debug|Any CPU
		{AE83A9B6-5FFB-4F72-9E8D-5E79D41967DF}.Debug|Any CPU.Build.0 = Debug|Any CPU
		{AE83A9B6-5FFB-4F72-9E8D-5E79D41967DF}.Release|Any CPU.ActiveCfg = Release|Any CPU
		{AE83A9B6-5FFB-4F72-9E8D-5E79D41967DF}.Release|Any CPU.Build.0 = Release|Any CPU
	EndGlobalSection
	GlobalSection(SolutionProperties) = preSolution
		HideSolutionNode = FALSE
	EndGlobalSection
	GlobalSection(ExtensibilityGlobals) = postSolution
		SolutionGuid = {86C576CF-3D00-40D4-8799-B35D7F809C01}
	EndGlobalSection
EndGlobal
